// !$*UTF8*$!
{
	archiveVersion = 1;
	classes = {
	};
	objectVersion = 50;
	objects = {

/* Begin PBXBuildFile section */
		F2194EC225E57E7700CF7DB6 /* GameLevels.json in Resources */ = {isa = PBXBuildFile; fileRef = F2194EB925E5751500CF7DB6 /* GameLevels.json */; };
		F24534EB2926DAB7008C8793 /* GridModel.swift in Sources */ = {isa = PBXBuildFile; fileRef = F24534EA2926DAB7008C8793 /* GridModel.swift */; };
		F24534ED2926DAC9008C8793 /* SquareModel.swift in Sources */ = {isa = PBXBuildFile; fileRef = F24534EC2926DAC9008C8793 /* SquareModel.swift */; };
		F24534EF2926DAE5008C8793 /* PositionModel.swift in Sources */ = {isa = PBXBuildFile; fileRef = F24534EE2926DAE5008C8793 /* PositionModel.swift */; };
		F29D1A6728E9BD7C00D67843 /* LevelModel.swift in Sources */ = {isa = PBXBuildFile; fileRef = F29D1A6628E9BD7C00D67843 /* LevelModel.swift */; };
		F2A98A5729292A9800FE7910 /* SquareNode.swift in Sources */ = {isa = PBXBuildFile; fileRef = F2A98A5629292A9800FE7910 /* SquareNode.swift */; };
		F2A98A592929479F00FE7910 /* MovableBlockNode.swift in Sources */ = {isa = PBXBuildFile; fileRef = F2A98A582929479F00FE7910 /* MovableBlockNode.swift */; };
		F2DF34B028E9B40700F53303 /* Extensions.swift in Sources */ = {isa = PBXBuildFile; fileRef = F2DF34AF28E9B40700F53303 /* Extensions.swift */; };
		F2EBAAD225D950D00060D34E /* AppDelegate.swift in Sources */ = {isa = PBXBuildFile; fileRef = F2EBAAD125D950D00060D34E /* AppDelegate.swift */; };
		F2EBAAD425D950D00060D34E /* GameScene.sks in Resources */ = {isa = PBXBuildFile; fileRef = F2EBAAD325D950D00060D34E /* GameScene.sks */; };
		F2EBAADD25D950D00060D34E /* Main.storyboard in Resources */ = {isa = PBXBuildFile; fileRef = F2EBAADB25D950D00060D34E /* Main.storyboard */; };
		F2EBAADF25D950D10060D34E /* Assets.xcassets in Resources */ = {isa = PBXBuildFile; fileRef = F2EBAADE25D950D10060D34E /* Assets.xcassets */; };
		F2EBAAEC25D951590060D34E /* PlayerNode.swift in Sources */ = {isa = PBXBuildFile; fileRef = F2EBAAE925D951590060D34E /* PlayerNode.swift */; };
		F2EBAAF425D951680060D34E /* GameScene.swift in Sources */ = {isa = PBXBuildFile; fileRef = F2EBAAF125D951680060D34E /* GameScene.swift */; };
		F2EBAAF525D951680060D34E /* GameFunctions.swift in Sources */ = {isa = PBXBuildFile; fileRef = F2EBAAF225D951680060D34E /* GameFunctions.swift */; };
		F2EBAAF625D951680060D34E /* GameElements.swift in Sources */ = {isa = PBXBuildFile; fileRef = F2EBAAF325D951680060D34E /* GameElements.swift */; };
		F2EBAAF925D9517A0060D34E /* GridNode.swift in Sources */ = {isa = PBXBuildFile; fileRef = F2EBAAF825D9517A0060D34E /* GridNode.swift */; };
		F2EBAAFC25D9535E0060D34E /* GameViewController.swift in Sources */ = {isa = PBXBuildFile; fileRef = F2EBAAFB25D9535E0060D34E /* GameViewController.swift */; };
/* End PBXBuildFile section */

/* Begin PBXFileReference section */
		F2194EB925E5751500CF7DB6 /* GameLevels.json */ = {isa = PBXFileReference; lastKnownFileType = text.json; path = GameLevels.json; sourceTree = "<group>"; xcLanguageSpecificationIdentifier = xcode.lang.json; };
		F24534EA2926DAB7008C8793 /* GridModel.swift */ = {isa = PBXFileReference; lastKnownFileType = sourcecode.swift; path = GridModel.swift; sourceTree = "<group>"; };
		F24534EC2926DAC9008C8793 /* SquareModel.swift */ = {isa = PBXFileReference; lastKnownFileType = sourcecode.swift; path = SquareModel.swift; sourceTree = "<group>"; };
		F24534EE2926DAE5008C8793 /* PositionModel.swift */ = {isa = PBXFileReference; lastKnownFileType = sourcecode.swift; path = PositionModel.swift; sourceTree = "<group>"; };
		F29D1A6628E9BD7C00D67843 /* LevelModel.swift */ = {isa = PBXFileReference; lastKnownFileType = sourcecode.swift; path = LevelModel.swift; sourceTree = "<group>"; };
		F2A98A5629292A9800FE7910 /* SquareNode.swift */ = {isa = PBXFileReference; lastKnownFileType = sourcecode.swift; path = SquareNode.swift; sourceTree = "<group>"; };
		F2A98A582929479F00FE7910 /* MovableBlockNode.swift */ = {isa = PBXFileReference; lastKnownFileType = sourcecode.swift; path = MovableBlockNode.swift; sourceTree = "<group>"; };
		F2DF34AF28E9B40700F53303 /* Extensions.swift */ = {isa = PBXFileReference; lastKnownFileType = sourcecode.swift; path = Extensions.swift; sourceTree = "<group>"; };
		F2EBAACE25D950D00060D34E /* SlideOut.app */ = {isa = PBXFileReference; explicitFileType = wrapper.application; includeInIndex = 0; path = SlideOut.app; sourceTree = BUILT_PRODUCTS_DIR; };
		F2EBAAD125D950D00060D34E /* AppDelegate.swift */ = {isa = PBXFileReference; lastKnownFileType = sourcecode.swift; path = AppDelegate.swift; sourceTree = "<group>"; };
		F2EBAAD325D950D00060D34E /* GameScene.sks */ = {isa = PBXFileReference; lastKnownFileType = file.sks; path = GameScene.sks; sourceTree = "<group>"; };
		F2EBAADC25D950D00060D34E /* Base */ = {isa = PBXFileReference; lastKnownFileType = file.storyboard; name = Base; path = Base.lproj/Main.storyboard; sourceTree = "<group>"; };
		F2EBAADE25D950D10060D34E /* Assets.xcassets */ = {isa = PBXFileReference; lastKnownFileType = folder.assetcatalog; path = Assets.xcassets; sourceTree = "<group>"; };
		F2EBAAE025D950D10060D34E /* Info.plist */ = {isa = PBXFileReference; lastKnownFileType = text.plist.xml; path = Info.plist; sourceTree = "<group>"; };
		F2EBAAE925D951590060D34E /* PlayerNode.swift */ = {isa = PBXFileReference; fileEncoding = 4; lastKnownFileType = sourcecode.swift; path = PlayerNode.swift; sourceTree = "<group>"; };
		F2EBAAF125D951680060D34E /* GameScene.swift */ = {isa = PBXFileReference; fileEncoding = 4; lastKnownFileType = sourcecode.swift; path = GameScene.swift; sourceTree = "<group>"; };
		F2EBAAF225D951680060D34E /* GameFunctions.swift */ = {isa = PBXFileReference; fileEncoding = 4; lastKnownFileType = sourcecode.swift; path = GameFunctions.swift; sourceTree = "<group>"; };
		F2EBAAF325D951680060D34E /* GameElements.swift */ = {isa = PBXFileReference; fileEncoding = 4; lastKnownFileType = sourcecode.swift; path = GameElements.swift; sourceTree = "<group>"; };
		F2EBAAF825D9517A0060D34E /* GridNode.swift */ = {isa = PBXFileReference; lastKnownFileType = sourcecode.swift; path = GridNode.swift; sourceTree = "<group>"; };
		F2EBAAFB25D9535E0060D34E /* GameViewController.swift */ = {isa = PBXFileReference; fileEncoding = 4; lastKnownFileType = sourcecode.swift; path = GameViewController.swift; sourceTree = "<group>"; };
/* End PBXFileReference section */

/* Begin PBXFrameworksBuildPhase section */
		F2EBAACB25D950D00060D34E /* Frameworks */ = {
			isa = PBXFrameworksBuildPhase;
			buildActionMask = 2147483647;
			files = (
			);
			runOnlyForDeploymentPostprocessing = 0;
		};
/* End PBXFrameworksBuildPhase section */

/* Begin PBXGroup section */
		F2194EB825E574F100CF7DB6 /* JSON */ = {
			isa = PBXGroup;
			children = (
				F2194EB925E5751500CF7DB6 /* GameLevels.json */,
			);
			path = JSON;
			sourceTree = "<group>";
		};
		F29D1A6828E9BD7F00D67843 /* Models */ = {
			isa = PBXGroup;
			children = (
				F29D1A6628E9BD7C00D67843 /* LevelModel.swift */,
				F24534EA2926DAB7008C8793 /* GridModel.swift */,
				F24534EC2926DAC9008C8793 /* SquareModel.swift */,
				F24534EE2926DAE5008C8793 /* PositionModel.swift */,
			);
			path = Models;
			sourceTree = "<group>";
		};
		F29D1A6928E9D41400D67843 /* GameScenes */ = {
			isa = PBXGroup;
			children = (
				F2EBAAD325D950D00060D34E /* GameScene.sks */,
			);
			path = GameScenes;
			sourceTree = "<group>";
		};
		F2DF34B128E9B41100F53303 /* Utils */ = {
			isa = PBXGroup;
			children = (
				F2DF34AF28E9B40700F53303 /* Extensions.swift */,
			);
			path = Utils;
			sourceTree = "<group>";
		};
		F2EBAAC525D950D00060D34E = {
			isa = PBXGroup;
			children = (
				F2EBAAD025D950D00060D34E /* SlideOut */,
				F2EBAACF25D950D00060D34E /* Products */,
			);
			sourceTree = "<group>";
		};
		F2EBAACF25D950D00060D34E /* Products */ = {
			isa = PBXGroup;
			children = (
				F2EBAACE25D950D00060D34E /* SlideOut.app */,
			);
			name = Products;
			sourceTree = "<group>";
		};
		F2EBAAD025D950D00060D34E /* SlideOut */ = {
			isa = PBXGroup;
			children = (
				F2194EB825E574F100CF7DB6 /* JSON */,
				F29D1A6828E9BD7F00D67843 /* Models */,
				F2EBAAE725D951590060D34E /* Nodes */,
				F2EBAAF025D951680060D34E /* GameControllers */,
				F29D1A6928E9D41400D67843 /* GameScenes */,
				F2DF34B128E9B41100F53303 /* Utils */,
				F2EBAAD125D950D00060D34E /* AppDelegate.swift */,
				F2EBAAFB25D9535E0060D34E /* GameViewController.swift */,
				F2EBAADB25D950D00060D34E /* Main.storyboard */,
				F2EBAADE25D950D10060D34E /* Assets.xcassets */,
				F2EBAAE025D950D10060D34E /* Info.plist */,
			);
			path = SlideOut;
			sourceTree = "<group>";
		};
		F2EBAAE725D951590060D34E /* Nodes */ = {
			isa = PBXGroup;
			children = (
				F2A98A5629292A9800FE7910 /* SquareNode.swift */,
				F2EBAAE925D951590060D34E /* PlayerNode.swift */,
				F2A98A582929479F00FE7910 /* MovableBlockNode.swift */,
				F2EBAAF825D9517A0060D34E /* GridNode.swift */,
			);
			path = Nodes;
			sourceTree = "<group>";
		};
		F2EBAAF025D951680060D34E /* GameControllers */ = {
			isa = PBXGroup;
			children = (
				F2EBAAF125D951680060D34E /* GameScene.swift */,
				F2EBAAF325D951680060D34E /* GameElements.swift */,
				F2EBAAF225D951680060D34E /* GameFunctions.swift */,
			);
			path = GameControllers;
			sourceTree = "<group>";
		};
/* End PBXGroup section */

/* Begin PBXNativeTarget section */
		F2EBAACD25D950D00060D34E /* SlideOut */ = {
			isa = PBXNativeTarget;
			buildConfigurationList = F2EBAAE325D950D10060D34E /* Build configuration list for PBXNativeTarget "SlideOut" */;
			buildPhases = (
				F2EBAACA25D950D00060D34E /* Sources */,
				F2EBAACB25D950D00060D34E /* Frameworks */,
				F2EBAACC25D950D00060D34E /* Resources */,
			);
			buildRules = (
			);
			dependencies = (
			);
			name = SlideOut;
			productName = SlideOut;
			productReference = F2EBAACE25D950D00060D34E /* SlideOut.app */;
			productType = "com.apple.product-type.application";
		};
/* End PBXNativeTarget section */

/* Begin PBXProject section */
		F2EBAAC625D950D00060D34E /* Project object */ = {
			isa = PBXProject;
			attributes = {
				LastSwiftUpdateCheck = 1240;
				LastUpgradeCheck = 1240;
				TargetAttributes = {
					F2EBAACD25D950D00060D34E = {
						CreatedOnToolsVersion = 12.4;
					};
				};
			};
			buildConfigurationList = F2EBAAC925D950D00060D34E /* Build configuration list for PBXProject "SlideOut" */;
			compatibilityVersion = "Xcode 9.3";
			developmentRegion = en;
			hasScannedForEncodings = 0;
			knownRegions = (
				en,
				Base,
			);
			mainGroup = F2EBAAC525D950D00060D34E;
			productRefGroup = F2EBAACF25D950D00060D34E /* Products */;
			projectDirPath = "";
			projectRoot = "";
			targets = (
				F2EBAACD25D950D00060D34E /* SlideOut */,
			);
		};
/* End PBXProject section */

/* Begin PBXResourcesBuildPhase section */
		F2EBAACC25D950D00060D34E /* Resources */ = {
			isa = PBXResourcesBuildPhase;
			buildActionMask = 2147483647;
			files = (
				F2194EC225E57E7700CF7DB6 /* GameLevels.json in Resources */,
				F2EBAADD25D950D00060D34E /* Main.storyboard in Resources */,
				F2EBAAD425D950D00060D34E /* GameScene.sks in Resources */,
				F2EBAADF25D950D10060D34E /* Assets.xcassets in Resources */,
			);
			runOnlyForDeploymentPostprocessing = 0;
		};
/* End PBXResourcesBuildPhase section */

/* Begin PBXSourcesBuildPhase section */
		F2EBAACA25D950D00060D34E /* Sources */ = {
			isa = PBXSourcesBuildPhase;
			buildActionMask = 2147483647;
			files = (
				F24534EB2926DAB7008C8793 /* GridModel.swift in Sources */,
				F29D1A6728E9BD7C00D67843 /* LevelModel.swift in Sources */,
				F2A98A5729292A9800FE7910 /* SquareNode.swift in Sources */,
				F2EBAAF425D951680060D34E /* GameScene.swift in Sources */,
				F24534ED2926DAC9008C8793 /* SquareModel.swift in Sources */,
				F2EBAAF925D9517A0060D34E /* GridNode.swift in Sources */,
				F2EBAAFC25D9535E0060D34E /* GameViewController.swift in Sources */,
				F2EBAAEC25D951590060D34E /* PlayerNode.swift in Sources */,
				F2EBAAD225D950D00060D34E /* AppDelegate.swift in Sources */,
				F2DF34B028E9B40700F53303 /* Extensions.swift in Sources */,
				F2A98A592929479F00FE7910 /* MovableBlockNode.swift in Sources */,
				F24534EF2926DAE5008C8793 /* PositionModel.swift in Sources */,
				F2EBAAF625D951680060D34E /* GameElements.swift in Sources */,
				F2EBAAF525D951680060D34E /* GameFunctions.swift in Sources */,
			);
			runOnlyForDeploymentPostprocessing = 0;
		};
/* End PBXSourcesBuildPhase section */

/* Begin PBXVariantGroup section */
		F2EBAADB25D950D00060D34E /* Main.storyboard */ = {
			isa = PBXVariantGroup;
			children = (
				F2EBAADC25D950D00060D34E /* Base */,
			);
			name = Main.storyboard;
			sourceTree = "<group>";
		};
/* End PBXVariantGroup section */

/* Begin XCBuildConfiguration section */
		F2EBAAE125D950D10060D34E /* Debug */ = {
			isa = XCBuildConfiguration;
			buildSettings = {
				ALWAYS_SEARCH_USER_PATHS = NO;
				CLANG_ANALYZER_NONNULL = YES;
				CLANG_ANALYZER_NUMBER_OBJECT_CONVERSION = YES_AGGRESSIVE;
				CLANG_CXX_LANGUAGE_STANDARD = "gnu++14";
				CLANG_CXX_LIBRARY = "libc++";
				CLANG_ENABLE_MODULES = YES;
				CLANG_ENABLE_OBJC_ARC = YES;
				CLANG_ENABLE_OBJC_WEAK = YES;
				CLANG_WARN_BLOCK_CAPTURE_AUTORELEASING = YES;
				CLANG_WARN_BOOL_CONVERSION = YES;
				CLANG_WARN_COMMA = YES;
				CLANG_WARN_CONSTANT_CONVERSION = YES;
				CLANG_WARN_DEPRECATED_OBJC_IMPLEMENTATIONS = YES;
				CLANG_WARN_DIRECT_OBJC_ISA_USAGE = YES_ERROR;
				CLANG_WARN_DOCUMENTATION_COMMENTS = YES;
				CLANG_WARN_EMPTY_BODY = YES;
				CLANG_WARN_ENUM_CONVERSION = YES;
				CLANG_WARN_INFINITE_RECURSION = YES;
				CLANG_WARN_INT_CONVERSION = YES;
				CLANG_WARN_NON_LITERAL_NULL_CONVERSION = YES;
				CLANG_WARN_OBJC_IMPLICIT_RETAIN_SELF = YES;
				CLANG_WARN_OBJC_LITERAL_CONVERSION = YES;
				CLANG_WARN_OBJC_ROOT_CLASS = YES_ERROR;
				CLANG_WARN_QUOTED_INCLUDE_IN_FRAMEWORK_HEADER = YES;
				CLANG_WARN_RANGE_LOOP_ANALYSIS = YES;
				CLANG_WARN_STRICT_PROTOTYPES = YES;
				CLANG_WARN_SUSPICIOUS_MOVE = YES;
				CLANG_WARN_UNGUARDED_AVAILABILITY = YES_AGGRESSIVE;
				CLANG_WARN_UNREACHABLE_CODE = YES;
				CLANG_WARN__DUPLICATE_METHOD_MATCH = YES;
				COPY_PHASE_STRIP = NO;
				DEBUG_INFORMATION_FORMAT = dwarf;
				ENABLE_STRICT_OBJC_MSGSEND = YES;
				ENABLE_TESTABILITY = YES;
				GCC_C_LANGUAGE_STANDARD = gnu11;
				GCC_DYNAMIC_NO_PIC = NO;
				GCC_NO_COMMON_BLOCKS = YES;
				GCC_OPTIMIZATION_LEVEL = 0;
				GCC_PREPROCESSOR_DEFINITIONS = (
					"DEBUG=1",
					"$(inherited)",
				);
				GCC_WARN_64_TO_32_BIT_CONVERSION = YES;
				GCC_WARN_ABOUT_RETURN_TYPE = YES_ERROR;
				GCC_WARN_UNDECLARED_SELECTOR = YES;
				GCC_WARN_UNINITIALIZED_AUTOS = YES_AGGRESSIVE;
				GCC_WARN_UNUSED_FUNCTION = YES;
				GCC_WARN_UNUSED_VARIABLE = YES;
				IPHONEOS_DEPLOYMENT_TARGET = 14.4;
				MTL_ENABLE_DEBUG_INFO = INCLUDE_SOURCE;
				MTL_FAST_MATH = YES;
				ONLY_ACTIVE_ARCH = YES;
				SDKROOT = iphoneos;
				SWIFT_ACTIVE_COMPILATION_CONDITIONS = DEBUG;
				SWIFT_OPTIMIZATION_LEVEL = "-Onone";
			};
			name = Debug;
		};
		F2EBAAE225D950D10060D34E /* Release */ = {
			isa = XCBuildConfiguration;
			buildSettings = {
				ALWAYS_SEARCH_USER_PATHS = NO;
				CLANG_ANALYZER_NONNULL = YES;
				CLANG_ANALYZER_NUMBER_OBJECT_CONVERSION = YES_AGGRESSIVE;
				CLANG_CXX_LANGUAGE_STANDARD = "gnu++14";
				CLANG_CXX_LIBRARY = "libc++";
				CLANG_ENABLE_MODULES = YES;
				CLANG_ENABLE_OBJC_ARC = YES;
				CLANG_ENABLE_OBJC_WEAK = YES;
				CLANG_WARN_BLOCK_CAPTURE_AUTORELEASING = YES;
				CLANG_WARN_BOOL_CONVERSION = YES;
				CLANG_WARN_COMMA = YES;
				CLANG_WARN_CONSTANT_CONVERSION = YES;
				CLANG_WARN_DEPRECATED_OBJC_IMPLEMENTATIONS = YES;
				CLANG_WARN_DIRECT_OBJC_ISA_USAGE = YES_ERROR;
				CLANG_WARN_DOCUMENTATION_COMMENTS = YES;
				CLANG_WARN_EMPTY_BODY = YES;
				CLANG_WARN_ENUM_CONVERSION = YES;
				CLANG_WARN_INFINITE_RECURSION = YES;
				CLANG_WARN_INT_CONVERSION = YES;
				CLANG_WARN_NON_LITERAL_NULL_CONVERSION = YES;
				CLANG_WARN_OBJC_IMPLICIT_RETAIN_SELF = YES;
				CLANG_WARN_OBJC_LITERAL_CONVERSION = YES;
				CLANG_WARN_OBJC_ROOT_CLASS = YES_ERROR;
				CLANG_WARN_QUOTED_INCLUDE_IN_FRAMEWORK_HEADER = YES;
				CLANG_WARN_RANGE_LOOP_ANALYSIS = YES;
				CLANG_WARN_STRICT_PROTOTYPES = YES;
				CLANG_WARN_SUSPICIOUS_MOVE = YES;
				CLANG_WARN_UNGUARDED_AVAILABILITY = YES_AGGRESSIVE;
				CLANG_WARN_UNREACHABLE_CODE = YES;
				CLANG_WARN__DUPLICATE_METHOD_MATCH = YES;
				COPY_PHASE_STRIP = NO;
				DEBUG_INFORMATION_FORMAT = "dwarf-with-dsym";
				ENABLE_NS_ASSERTIONS = NO;
				ENABLE_STRICT_OBJC_MSGSEND = YES;
				GCC_C_LANGUAGE_STANDARD = gnu11;
				GCC_NO_COMMON_BLOCKS = YES;
				GCC_WARN_64_TO_32_BIT_CONVERSION = YES;
				GCC_WARN_ABOUT_RETURN_TYPE = YES_ERROR;
				GCC_WARN_UNDECLARED_SELECTOR = YES;
				GCC_WARN_UNINITIALIZED_AUTOS = YES_AGGRESSIVE;
				GCC_WARN_UNUSED_FUNCTION = YES;
				GCC_WARN_UNUSED_VARIABLE = YES;
				IPHONEOS_DEPLOYMENT_TARGET = 14.4;
				MTL_ENABLE_DEBUG_INFO = NO;
				MTL_FAST_MATH = YES;
				SDKROOT = iphoneos;
				SWIFT_COMPILATION_MODE = wholemodule;
				SWIFT_OPTIMIZATION_LEVEL = "-O";
				VALIDATE_PRODUCT = YES;
			};
			name = Release;
		};
		F2EBAAE425D950D10060D34E /* Debug */ = {
			isa = XCBuildConfiguration;
			buildSettings = {
				ASSETCATALOG_COMPILER_APPICON_NAME = AppIcon;
				ASSETCATALOG_COMPILER_GLOBAL_ACCENT_COLOR_NAME = AccentColor;
				CODE_SIGN_STYLE = Automatic;
				DEVELOPMENT_TEAM = LZB8X3995T;
				INFOPLIST_FILE = SlideOut/Info.plist;
				LD_RUNPATH_SEARCH_PATHS = (
					"$(inherited)",
					"@executable_path/Frameworks",
				);
				PRODUCT_BUNDLE_IDENTIFIER = com.kim.SlideOut;
				PRODUCT_NAME = "$(TARGET_NAME)";
				SWIFT_VERSION = 5.0;
				TARGETED_DEVICE_FAMILY = "1,2";
			};
			name = Debug;
		};
		F2EBAAE525D950D10060D34E /* Release */ = {
			isa = XCBuildConfiguration;
			buildSettings = {
				ASSETCATALOG_COMPILER_APPICON_NAME = AppIcon;
				ASSETCATALOG_COMPILER_GLOBAL_ACCENT_COLOR_NAME = AccentColor;
				CODE_SIGN_STYLE = Automatic;
				DEVELOPMENT_TEAM = LZB8X3995T;
				INFOPLIST_FILE = SlideOut/Info.plist;
				LD_RUNPATH_SEARCH_PATHS = (
					"$(inherited)",
					"@executable_path/Frameworks",
				);
				PRODUCT_BUNDLE_IDENTIFIER = com.kim.SlideOut;
				PRODUCT_NAME = "$(TARGET_NAME)";
				SWIFT_VERSION = 5.0;
				TARGETED_DEVICE_FAMILY = "1,2";
			};
			name = Release;
		};
/* End XCBuildConfiguration section */

/* Begin XCConfigurationList section */
		F2EBAAC925D950D00060D34E /* Build configuration list for PBXProject "SlideOut" */ = {
			isa = XCConfigurationList;
			buildConfigurations = (
				F2EBAAE125D950D10060D34E /* Debug */,
				F2EBAAE225D950D10060D34E /* Release */,
			);
			defaultConfigurationIsVisible = 0;
			defaultConfigurationName = Release;
		};
		F2EBAAE325D950D10060D34E /* Build configuration list for PBXNativeTarget "SlideOut" */ = {
			isa = XCConfigurationList;
			buildConfigurations = (
				F2EBAAE425D950D10060D34E /* Debug */,
				F2EBAAE525D950D10060D34E /* Release */,
			);
			defaultConfigurationIsVisible = 0;
			defaultConfigurationName = Release;
		};
/* End XCConfigurationList section */
	};
	rootObject = F2EBAAC625D950D00060D34E /* Project object */;
}
